// !$*UTF8*$!
{
	archiveVersion = 1;
	classes = {
	};
	objectVersion = 50;
	objects = {

/* Begin PBXBuildFile section */
		586D95082566FF7B000321CB /* MessagesPage.m in Sources */ = {isa = PBXBuildFile; fileRef = 586D95072566FF7B000321CB /* MessagesPage.m */; };
		586D950D2566FF88000321CB /* NewMessagePage.m in Sources */ = {isa = PBXBuildFile; fileRef = 586D950C2566FF88000321CB /* NewMessagePage.m */; };
		58FBB10B2566FA03000477E2 /* AppDelegate.m in Sources */ = {isa = PBXBuildFile; fileRef = 58FBB10A2566FA03000477E2 /* AppDelegate.m */; };
		58FBB10E2566FA03000477E2 /* SceneDelegate.m in Sources */ = {isa = PBXBuildFile; fileRef = 58FBB10D2566FA03000477E2 /* SceneDelegate.m */; };
		58FBB1142566FA03000477E2 /* Main.storyboard in Resources */ = {isa = PBXBuildFile; fileRef = 58FBB1122566FA03000477E2 /* Main.storyboard */; };
		58FBB1162566FA05000477E2 /* Assets.xcassets in Resources */ = {isa = PBXBuildFile; fileRef = 58FBB1152566FA05000477E2 /* Assets.xcassets */; };
		58FBB1192566FA05000477E2 /* LaunchScreen.storyboard in Resources */ = {isa = PBXBuildFile; fileRef = 58FBB1172566FA05000477E2 /* LaunchScreen.storyboard */; };
		58FBB11C2566FA05000477E2 /* main.m in Sources */ = {isa = PBXBuildFile; fileRef = 58FBB11B2566FA05000477E2 /* main.m */; };
/* End PBXBuildFile section */

/* Begin PBXFileReference section */
		586D95062566FF7B000321CB /* MessagesPage.h */ = {isa = PBXFileReference; lastKnownFileType = sourcecode.c.h; path = MessagesPage.h; sourceTree = "<group>"; };
		586D95072566FF7B000321CB /* MessagesPage.m */ = {isa = PBXFileReference; lastKnownFileType = sourcecode.c.objc; path = MessagesPage.m; sourceTree = "<group>"; };
		586D950B2566FF88000321CB /* NewMessagePage.h */ = {isa = PBXFileReference; lastKnownFileType = sourcecode.c.h; path = NewMessagePage.h; sourceTree = "<group>"; };
		586D950C2566FF88000321CB /* NewMessagePage.m */ = {isa = PBXFileReference; lastKnownFileType = sourcecode.c.objc; path = NewMessagePage.m; sourceTree = "<group>"; };
		58FBB1062566FA03000477E2 /* Lovevery Test App.app */ = {isa = PBXFileReference; explicitFileType = wrapper.application; includeInIndex = 0; path = "Lovevery Test App.app"; sourceTree = BUILT_PRODUCTS_DIR; };
		58FBB1092566FA03000477E2 /* AppDelegate.h */ = {isa = PBXFileReference; lastKnownFileType = sourcecode.c.h; path = AppDelegate.h; sourceTree = "<group>"; };
		58FBB10A2566FA03000477E2 /* AppDelegate.m */ = {isa = PBXFileReference; lastKnownFileType = sourcecode.c.objc; path = AppDelegate.m; sourceTree = "<group>"; };
		58FBB10C2566FA03000477E2 /* SceneDelegate.h */ = {isa = PBXFileReference; lastKnownFileType = sourcecode.c.h; path = SceneDelegate.h; sourceTree = "<group>"; };
		58FBB10D2566FA03000477E2 /* SceneDelegate.m */ = {isa = PBXFileReference; lastKnownFileType = sourcecode.c.objc; path = SceneDelegate.m; sourceTree = "<group>"; };
		58FBB1132566FA03000477E2 /* Base */ = {isa = PBXFileReference; lastKnownFileType = file.storyboard; name = Base; path = Base.lproj/Main.storyboard; sourceTree = "<group>"; };
		58FBB1152566FA05000477E2 /* Assets.xcassets */ = {isa = PBXFileReference; lastKnownFileType = folder.assetcatalog; path = Assets.xcassets; sourceTree = "<group>"; };
		58FBB1182566FA05000477E2 /* Base */ = {isa = PBXFileReference; lastKnownFileType = file.storyboard; name = Base; path = Base.lproj/LaunchScreen.storyboard; sourceTree = "<group>"; };
		58FBB11A2566FA05000477E2 /* Info.plist */ = {isa = PBXFileReference; lastKnownFileType = text.plist.xml; path = Info.plist; sourceTree = "<group>"; };
		58FBB11B2566FA05000477E2 /* main.m */ = {isa = PBXFileReference; lastKnownFileType = sourcecode.c.objc; path = main.m; sourceTree = "<group>"; };
/* End PBXFileReference section */

/* Begin PBXFrameworksBuildPhase section */
		58FBB1032566FA03000477E2 /* Frameworks */ = {
			isa = PBXFrameworksBuildPhase;
			buildActionMask = 2147483647;
			files = (
			);
			runOnlyForDeploymentPostprocessing = 0;
		};
/* End PBXFrameworksBuildPhase section */

/* Begin PBXGroup section */
		586D95042566FF51000321CB /* MessagesPage */ = {
			isa = PBXGroup;
			children = (
				586D95062566FF7B000321CB /* MessagesPage.h */,
				586D95072566FF7B000321CB /* MessagesPage.m */,
			);
			path = MessagesPage;
			sourceTree = "<group>";
		};
		586D95052566FF57000321CB /* NewMessagePage */ = {
			isa = PBXGroup;
			children = (
				586D950B2566FF88000321CB /* NewMessagePage.h */,
				586D950C2566FF88000321CB /* NewMessagePage.m */,
			);
			path = NewMessagePage;
			sourceTree = "<group>";
		};
		586D951025670031000321CB /* Pages */ = {
			isa = PBXGroup;
			children = (
				586D95042566FF51000321CB /* MessagesPage */,
				586D95052566FF57000321CB /* NewMessagePage */,
			);
			path = Pages;
			sourceTree = "<group>";
		};
		58FBB0FD2566FA03000477E2 = {
			isa = PBXGroup;
			children = (
				58FBB1082566FA03000477E2 /* Lovevery Test App */,
				58FBB1072566FA03000477E2 /* Products */,
			);
			sourceTree = "<group>";
		};
		58FBB1072566FA03000477E2 /* Products */ = {
			isa = PBXGroup;
			children = (
				58FBB1062566FA03000477E2 /* Lovevery Test App.app */,
			);
			name = Products;
			sourceTree = "<group>";
		};
		58FBB1082566FA03000477E2 /* Lovevery Test App */ = {
			isa = PBXGroup;
			children = (
				58FBB1232566FA11000477E2 /* AppDelegate */,
				58FBB11A2566FA05000477E2 /* Info.plist */,
				58FBB12A2566FA39000477E2 /* Misc */,
				586D951025670031000321CB /* Pages */,
				58FBB1252566FA18000477E2 /* SceneDelegate */,
				58FBB1282566FA2C000477E2 /* Storyboards */,
			);
			path = "Lovevery Test App";
			sourceTree = "<group>";
		};
		58FBB1232566FA11000477E2 /* AppDelegate */ = {
			isa = PBXGroup;
			children = (
				58FBB1092566FA03000477E2 /* AppDelegate.h */,
				58FBB10A2566FA03000477E2 /* AppDelegate.m */,
			);
			path = AppDelegate;
			sourceTree = "<group>";
		};
		58FBB1252566FA18000477E2 /* SceneDelegate */ = {
			isa = PBXGroup;
			children = (
				58FBB10C2566FA03000477E2 /* SceneDelegate.h */,
				58FBB10D2566FA03000477E2 /* SceneDelegate.m */,
			);
			path = SceneDelegate;
			sourceTree = "<group>";
		};
		58FBB1282566FA2C000477E2 /* Storyboards */ = {
			isa = PBXGroup;
			children = (
				58FBB1122566FA03000477E2 /* Main.storyboard */,
				58FBB1172566FA05000477E2 /* LaunchScreen.storyboard */,
			);
			path = Storyboards;
			sourceTree = "<group>";
		};
		58FBB12A2566FA39000477E2 /* Misc */ = {
			isa = PBXGroup;
			children = (
				58FBB1152566FA05000477E2 /* Assets.xcassets */,
				58FBB11B2566FA05000477E2 /* main.m */,
			);
			path = Misc;
			sourceTree = "<group>";
		};
/* End PBXGroup section */

/* Begin PBXNativeTarget section */
		58FBB1052566FA03000477E2 /* Lovevery Test App */ = {
			isa = PBXNativeTarget;
			buildConfigurationList = 58FBB11F2566FA05000477E2 /* Build configuration list for PBXNativeTarget "Lovevery Test App" */;
			buildPhases = (
				58FBB1022566FA03000477E2 /* Sources */,
				58FBB1032566FA03000477E2 /* Frameworks */,
				58FBB1042566FA03000477E2 /* Resources */,
			);
			buildRules = (
			);
			dependencies = (
			);
			name = "Lovevery Test App";
			productName = "Lovevery Test App";
			productReference = 58FBB1062566FA03000477E2 /* Lovevery Test App.app */;
			productType = "com.apple.product-type.application";
		};
/* End PBXNativeTarget section */

/* Begin PBXProject section */
		58FBB0FE2566FA03000477E2 /* Project object */ = {
			isa = PBXProject;
			attributes = {
				LastUpgradeCheck = 1210;
				TargetAttributes = {
					58FBB1052566FA03000477E2 = {
						CreatedOnToolsVersion = 12.1;
					};
				};
			};
			buildConfigurationList = 58FBB1012566FA03000477E2 /* Build configuration list for PBXProject "Lovevery Test App" */;
			compatibilityVersion = "Xcode 9.3";
			developmentRegion = en;
			hasScannedForEncodings = 0;
			knownRegions = (
				en,
				Base,
			);
			mainGroup = 58FBB0FD2566FA03000477E2;
			productRefGroup = 58FBB1072566FA03000477E2 /* Products */;
			projectDirPath = "";
			projectRoot = "";
			targets = (
				58FBB1052566FA03000477E2 /* Lovevery Test App */,
			);
		};
/* End PBXProject section */

/* Begin PBXResourcesBuildPhase section */
		58FBB1042566FA03000477E2 /* Resources */ = {
			isa = PBXResourcesBuildPhase;
			buildActionMask = 2147483647;
			files = (
				58FBB1192566FA05000477E2 /* LaunchScreen.storyboard in Resources */,
				58FBB1162566FA05000477E2 /* Assets.xcassets in Resources */,
				58FBB1142566FA03000477E2 /* Main.storyboard in Resources */,
			);
			runOnlyForDeploymentPostprocessing = 0;
		};
/* End PBXResourcesBuildPhase section */

/* Begin PBXSourcesBuildPhase section */
		58FBB1022566FA03000477E2 /* Sources */ = {
			isa = PBXSourcesBuildPhase;
			buildActionMask = 2147483647;
			files = (
				586D950D2566FF88000321CB /* NewMessagePage.m in Sources */,
				58FBB10B2566FA03000477E2 /* AppDelegate.m in Sources */,
				586D95082566FF7B000321CB /* MessagesPage.m in Sources */,
				58FBB11C2566FA05000477E2 /* main.m in Sources */,
				58FBB10E2566FA03000477E2 /* SceneDelegate.m in Sources */,
			);
			runOnlyForDeploymentPostprocessing = 0;
		};
/* End PBXSourcesBuildPhase section */

/* Begin PBXVariantGroup section */
		58FBB1122566FA03000477E2 /* Main.storyboard */ = {
			isa = PBXVariantGroup;
			children = (
				58FBB1132566FA03000477E2 /* Base */,
			);
			name = Main.storyboard;
			sourceTree = "<group>";
		};
		58FBB1172566FA05000477E2 /* LaunchScreen.storyboard */ = {
			isa = PBXVariantGroup;
			children = (
				58FBB1182566FA05000477E2 /* Base */,
			);
			name = LaunchScreen.storyboard;
			sourceTree = "<group>";
		};
/* End PBXVariantGroup section */

/* Begin XCBuildConfiguration section */
		58FBB11D2566FA05000477E2 /* Debug */ = {
			isa = XCBuildConfiguration;
			buildSettings = {
				ALWAYS_SEARCH_USER_PATHS = NO;
				CLANG_ANALYZER_NONNULL = YES;
				CLANG_ANALYZER_NUMBER_OBJECT_CONVERSION = YES_AGGRESSIVE;
				CLANG_CXX_LANGUAGE_STANDARD = "gnu++14";
				CLANG_CXX_LIBRARY = "libc++";
				CLANG_ENABLE_MODULES = YES;
				CLANG_ENABLE_OBJC_ARC = YES;
				CLANG_ENABLE_OBJC_WEAK = YES;
				CLANG_WARN_BLOCK_CAPTURE_AUTORELEASING = YES;
				CLANG_WARN_BOOL_CONVERSION = YES;
				CLANG_WARN_COMMA = YES;
				CLANG_WARN_CONSTANT_CONVERSION = YES;
				CLANG_WARN_DEPRECATED_OBJC_IMPLEMENTATIONS = YES;
				CLANG_WARN_DIRECT_OBJC_ISA_USAGE = YES_ERROR;
				CLANG_WARN_DOCUMENTATION_COMMENTS = YES;
				CLANG_WARN_EMPTY_BODY = YES;
				CLANG_WARN_ENUM_CONVERSION = YES;
				CLANG_WARN_INFINITE_RECURSION = YES;
				CLANG_WARN_INT_CONVERSION = YES;
				CLANG_WARN_NON_LITERAL_NULL_CONVERSION = YES;
				CLANG_WARN_OBJC_IMPLICIT_RETAIN_SELF = YES;
				CLANG_WARN_OBJC_LITERAL_CONVERSION = YES;
				CLANG_WARN_OBJC_ROOT_CLASS = YES_ERROR;
				CLANG_WARN_QUOTED_INCLUDE_IN_FRAMEWORK_HEADER = YES;
				CLANG_WARN_RANGE_LOOP_ANALYSIS = YES;
				CLANG_WARN_STRICT_PROTOTYPES = YES;
				CLANG_WARN_SUSPICIOUS_MOVE = YES;
				CLANG_WARN_UNGUARDED_AVAILABILITY = YES_AGGRESSIVE;
				CLANG_WARN_UNREACHABLE_CODE = YES;
				CLANG_WARN__DUPLICATE_METHOD_MATCH = YES;
				COPY_PHASE_STRIP = NO;
				DEBUG_INFORMATION_FORMAT = dwarf;
				ENABLE_STRICT_OBJC_MSGSEND = YES;
				ENABLE_TESTABILITY = YES;
				GCC_C_LANGUAGE_STANDARD = gnu11;
				GCC_DYNAMIC_NO_PIC = NO;
				GCC_NO_COMMON_BLOCKS = YES;
				GCC_OPTIMIZATION_LEVEL = 0;
				GCC_PREPROCESSOR_DEFINITIONS = (
					"DEBUG=1",
					"$(inherited)",
				);
				GCC_WARN_64_TO_32_BIT_CONVERSION = YES;
				GCC_WARN_ABOUT_RETURN_TYPE = YES_ERROR;
				GCC_WARN_UNDECLARED_SELECTOR = YES;
				GCC_WARN_UNINITIALIZED_AUTOS = YES_AGGRESSIVE;
				GCC_WARN_UNUSED_FUNCTION = YES;
				GCC_WARN_UNUSED_VARIABLE = YES;
				IPHONEOS_DEPLOYMENT_TARGET = 14.1;
				MTL_ENABLE_DEBUG_INFO = INCLUDE_SOURCE;
				MTL_FAST_MATH = YES;
				ONLY_ACTIVE_ARCH = YES;
				SDKROOT = iphoneos;
			};
			name = Debug;
		};
		58FBB11E2566FA05000477E2 /* Release */ = {
			isa = XCBuildConfiguration;
			buildSettings = {
				ALWAYS_SEARCH_USER_PATHS = NO;
				CLANG_ANALYZER_NONNULL = YES;
				CLANG_ANALYZER_NUMBER_OBJECT_CONVERSION = YES_AGGRESSIVE;
				CLANG_CXX_LANGUAGE_STANDARD = "gnu++14";
				CLANG_CXX_LIBRARY = "libc++";
				CLANG_ENABLE_MODULES = YES;
				CLANG_ENABLE_OBJC_ARC = YES;
				CLANG_ENABLE_OBJC_WEAK = YES;
				CLANG_WARN_BLOCK_CAPTURE_AUTORELEASING = YES;
				CLANG_WARN_BOOL_CONVERSION = YES;
				CLANG_WARN_COMMA = YES;
				CLANG_WARN_CONSTANT_CONVERSION = YES;
				CLANG_WARN_DEPRECATED_OBJC_IMPLEMENTATIONS = YES;
				CLANG_WARN_DIRECT_OBJC_ISA_USAGE = YES_ERROR;
				CLANG_WARN_DOCUMENTATION_COMMENTS = YES;
				CLANG_WARN_EMPTY_BODY = YES;
				CLANG_WARN_ENUM_CONVERSION = YES;
				CLANG_WARN_INFINITE_RECURSION = YES;
				CLANG_WARN_INT_CONVERSION = YES;
				CLANG_WARN_NON_LITERAL_NULL_CONVERSION = YES;
				CLANG_WARN_OBJC_IMPLICIT_RETAIN_SELF = YES;
				CLANG_WARN_OBJC_LITERAL_CONVERSION = YES;
				CLANG_WARN_OBJC_ROOT_CLASS = YES_ERROR;
				CLANG_WARN_QUOTED_INCLUDE_IN_FRAMEWORK_HEADER = YES;
				CLANG_WARN_RANGE_LOOP_ANALYSIS = YES;
				CLANG_WARN_STRICT_PROTOTYPES = YES;
				CLANG_WARN_SUSPICIOUS_MOVE = YES;
				CLANG_WARN_UNGUARDED_AVAILABILITY = YES_AGGRESSIVE;
				CLANG_WARN_UNREACHABLE_CODE = YES;
				CLANG_WARN__DUPLICATE_METHOD_MATCH = YES;
				COPY_PHASE_STRIP = NO;
				DEBUG_INFORMATION_FORMAT = "dwarf-with-dsym";
				ENABLE_NS_ASSERTIONS = NO;
				ENABLE_STRICT_OBJC_MSGSEND = YES;
				GCC_C_LANGUAGE_STANDARD = gnu11;
				GCC_NO_COMMON_BLOCKS = YES;
				GCC_WARN_64_TO_32_BIT_CONVERSION = YES;
				GCC_WARN_ABOUT_RETURN_TYPE = YES_ERROR;
				GCC_WARN_UNDECLARED_SELECTOR = YES;
				GCC_WARN_UNINITIALIZED_AUTOS = YES_AGGRESSIVE;
				GCC_WARN_UNUSED_FUNCTION = YES;
				GCC_WARN_UNUSED_VARIABLE = YES;
				IPHONEOS_DEPLOYMENT_TARGET = 14.1;
				MTL_ENABLE_DEBUG_INFO = NO;
				MTL_FAST_MATH = YES;
				SDKROOT = iphoneos;
				VALIDATE_PRODUCT = YES;
			};
			name = Release;
		};
		58FBB1202566FA05000477E2 /* Debug */ = {
			isa = XCBuildConfiguration;
			buildSettings = {
				ASSETCATALOG_COMPILER_APPICON_NAME = AppIcon;
				ASSETCATALOG_COMPILER_GLOBAL_ACCENT_COLOR_NAME = AccentColor;
				CODE_SIGN_STYLE = Automatic;
				DEVELOPMENT_TEAM = 874LE5SV49;
				INFOPLIST_FILE = "Lovevery Test App/Info.plist";
				LD_RUNPATH_SEARCH_PATHS = (
					"$(inherited)",
					"@executable_path/Frameworks",
				);
				PRODUCT_BUNDLE_IDENTIFIER = "Dustin.Lovevery-Test-App";
				PRODUCT_NAME = "$(TARGET_NAME)";
				TARGETED_DEVICE_FAMILY = "1,2";
			};
			name = Debug;
		};
		58FBB1212566FA05000477E2 /* Release */ = {
			isa = XCBuildConfiguration;
			buildSettings = {
				ASSETCATALOG_COMPILER_APPICON_NAME = AppIcon;
				ASSETCATALOG_COMPILER_GLOBAL_ACCENT_COLOR_NAME = AccentColor;
				CODE_SIGN_STYLE = Automatic;
				DEVELOPMENT_TEAM = 874LE5SV49;
				INFOPLIST_FILE = "Lovevery Test App/Info.plist";
				LD_RUNPATH_SEARCH_PATHS = (
					"$(inherited)",
					"@executable_path/Frameworks",
				);
				PRODUCT_BUNDLE_IDENTIFIER = "Dustin.Lovevery-Test-App";
				PRODUCT_NAME = "$(TARGET_NAME)";
				TARGETED_DEVICE_FAMILY = "1,2";
			};
			name = Release;
		};
/* End XCBuildConfiguration section */

/* Begin XCConfigurationList section */
		58FBB1012566FA03000477E2 /* Build configuration list for PBXProject "Lovevery Test App" */ = {
			isa = XCConfigurationList;
			buildConfigurations = (
				58FBB11D2566FA05000477E2 /* Debug */,
				58FBB11E2566FA05000477E2 /* Release */,
			);
			defaultConfigurationIsVisible = 0;
			defaultConfigurationName = Release;
		};
		58FBB11F2566FA05000477E2 /* Build configuration list for PBXNativeTarget "Lovevery Test App" */ = {
			isa = XCConfigurationList;
			buildConfigurations = (
				58FBB1202566FA05000477E2 /* Debug */,
				58FBB1212566FA05000477E2 /* Release */,
			);
			defaultConfigurationIsVisible = 0;
			defaultConfigurationName = Release;
		};
/* End XCConfigurationList section */
	};
	rootObject = 58FBB0FE2566FA03000477E2 /* Project object */;
}
